github.com/codegangsta/inject v0.0.0-20150114235600-33e0aa1cb7c0/go.mod h1:4Zcjuz89kmFXt9morQgcfYZAYZ5n8WHjt81YYWIwtTM=
github.com/dant89/coinbase-go-v2 v0.0.0-20210613003024-a9747956a4ba h1:X1l56dwre7hRK/KLYEpWs5F8bdgSFaUoyr1jHE0VBbc=
github.com/dant89/coinbase-go-v2 v0.0.0-20210613003024-a9747956a4ba/go.mod h1:TohkFJ9RBgojh+NOwP3Yuo0AX63/goCD9cmhaUzP29U=
github.com/davecgh/go-spew v1.1.0/go.mod h1:J7Y8YcW2NihsgmVo/mv3lAwl/skON4iLHjSsI+c5H38=
github.com/fabioberger/coinbase-go v0.0.0-20160522011833-8328539b18ab h1:odM/npqUscEtKetZu2RU1I9wVkPBh8sV14PiCbsBLMU=
github.com/fabioberger/coinbase-go v0.0.0-20160522011833-8328539b18ab/go.mod h1:xJ+HhsY90LojVt3vnpArzFEcf13xDhHdjnWBhMmhDOA=
github.com/go-martini/martini v0.0.0-20170121215854-22fa46961aab/go.mod h1:/P9AEU963A2AYjv4d1V5eVL1CQbEJq6aCNHDDjibzu8=
github.com/gorilla/websocket v1.4.0 h1:WDFjx/TMzVgy9VdMMQi2K2Emtwi2QcUQsztZ/zLaH/Q=
github.com/gorilla/websocket v1.4.0/go.mod h1:E7qHFY5m1UJ88s3WnNqhKjPHQ0heANvMoAMk2YaljkQ=
github.com/joho/godotenv v1.3.0/go.mod h1:7hK45KPybAkOC6peb+G5yklZfMxEjkZhHbwpqxOKXbg=
github.com/pmezard/go-difflib v1.0.0/go.mod h1:iKH77koFhYxTK1pcRnkKkqfTogsbg7gZNVY4sRDYZ/4=
github.com/preichenberger/go-coinbasepro/v2 v2.0.5 h1:Mf1k3vZTuLzuzcmCJBIbT8eiRD+N2uEG2C6Ug3upXiA=
github.com/preichenberger/go-coinbasepro/v2 v2.0.5/go.mod h1:tsiN/OFQ5FiE+T2i3r88GHDVvR/Jxkx+CGKw7JSYLrE=
github.com/stretchr/objx v0.1.0/go.mod h1:HFkY916IF+rwdDfMAkV7OtwuqBVzrE8GR6GFx+wExME=
github.com/stretchr/testify v1.7.0/go.mod h1:6Fq8oRcR53rry900zMqJjRRixrwX3KX962/h/Wwjteg=
gopkg.in/check.v1 v0.0.0-20161208181325-20d25e280405/go.mod h1:Co6ibVJAznAaIkqp8huTwlJQCZ016jof/cbN4VW5Yz0=
gopkg.in/yaml.v3 v3.0.0-20200313102051-9f266ea9e77c/go.mod h1:K4uyk7z7BCEPqu6E+C64Yfv1cQ7kz7rIZviUmN+EgEM=
